# generated by rye
# use `rye lock` or `rye sync` to update this lockfile
#
# last locked with the following flags:
#   pre: false
#   features: []
#   all-features: false
#   with-sources: false
#   generate-hashes: false
#   universal: false

-e file:.
aiohappyeyeballs==2.6.1
    # via aiohttp
aiohttp==3.12.15
    # via discord-py
aiosignal==1.4.0
    # via aiohttp
arxiv==2.2.0
    # via thesisherald
attrs==25.3.0
    # via aiohttp
audioop-lts==0.2.2
    # via discord-py
certifi==2025.10.5
    # via requests
charset-normalizer==3.4.3
    # via requests
coverage==7.10.7
    # via pytest-cov
discord-py==2.6.3
    # via thesisherald
feedparser==6.0.12
    # via arxiv
frozenlist==1.7.0
    # via aiohttp
    # via aiosignal
idna==3.10
    # via requests
    # via yarl
iniconfig==2.1.0
    # via pytest
multidict==6.6.4
    # via aiohttp
    # via yarl
mypy==1.18.2
mypy-extensions==1.1.0
    # via mypy
packaging==25.0
    # via pytest
pathspec==0.12.1
    # via mypy
pluggy==1.6.0
    # via pytest
    # via pytest-cov
propcache==0.4.0
    # via aiohttp
    # via yarl
pygments==2.19.2
    # via pytest
pytest==8.4.2
    # via pytest-cov
pytest-cov==7.0.0
python-dotenv==1.1.1
    # via thesisherald
requests==2.32.5
    # via arxiv
ruff==0.13.3
schedule==1.2.2
    # via thesisherald
sgmllib3k==1.0.0
    # via feedparser
typing-extensions==4.15.0
    # via mypy
urllib3==2.5.0
    # via requests
yarl==1.21.0
    # via aiohttp
